
Microsoft Visual Studio Solution File, Format Version 12.00
# Visual Studio Version 17
VisualStudioVersion = 17.8.34330.188
MinimumVisualStudioVersion = 10.0.40219.1
Project("{FAE04EC0-301F-11D3-BF4B-00C04F79EFBC}") = "tic tac toe", "tic tac toe.csproj", "{1105DF10-DF28-4D3F-A893-6279ADBD3940}"
EndProject
Global
	GlobalSection(SolutionConfigurationPlatforms) = preSolution
		Debug|Any CPU = Debug|Any CPU
		Release|Any CPU = Release|Any CPU
	EndGlobalSection
	GlobalSection(ProjectConfigurationPlatforms) = postSolution
		{1105DF10-DF28-4D3F-A893-6279ADBD3940}.Debug|Any CPU.ActiveCfg = Debug|Any CPU
		{1105DF10-DF28-4D3F-A893-6279ADBD3940}.Debug|Any CPU.Build.0 = Debug|Any CPU
		{1105DF10-DF28-4D3F-A893-6279ADBD3940}.Release|Any CPU.ActiveCfg = Release|Any CPU
		{1105DF10-DF28-4D3F-A893-6279ADBD3940}.Release|Any CPU.Build.0 = Release|Any CPU
	EndGlobalSection
	GlobalSection(SolutionProperties) = preSolution
		HideSolutionNode = FALSE
	EndGlobalSection
	GlobalSection(ExtensibilityGlobals) = postSolution
		SolutionGuid = {62C4EAF8-9A9B-4C33-A16A-04DD2B204E4D}
	EndGlobalSection
EndGlobal
